
Microsoft Visual Studio Solution File, Format Version 12.00
# Visual Studio 15
VisualStudioVersion = 15.0.27703.2026
MinimumVisualStudioVersion = 10.0.40219.1
Project("{8BC9CEB8-8B4A-11D0-8D11-00A0C91BC942}") = "BTree", "BTree\BTree.vcxproj", "{5AC33E28-748E-481A-AA63-99A42285E11E}"
EndProject
Project("{8BC9CEB8-8B4A-11D0-8D11-00A0C91BC942}") = "Linklist", "Linklist\Linklist.vcxproj", "{DAE73739-3B08-4006-9D53-A9328694C30C}"
EndProject
Project("{8BC9CEB8-8B4A-11D0-8D11-00A0C91BC942}") = "Sort", "Sort\Sort.vcxproj", "{F51FF65E-2A98-4E84-B907-EE6833D8FC12}"
EndProject
Project("{8BC9CEB8-8B4A-11D0-8D11-00A0C91BC942}") = "Bit", "Bit\Bit.vcxproj", "{161CC6E7-1E81-4819-BA25-86BF7C749179}"
EndProject
Project("{8BC9CEB8-8B4A-11D0-8D11-00A0C91BC942}") = "Array", "Array\Array.vcxproj", "{2D1CBEEE-21F4-42B3-AD99-28F9D2F2105A}"
EndProject
Global
	GlobalSection(SolutionConfigurationPlatforms) = preSolution
		Debug|x64 = Debug|x64
		Debug|x86 = Debug|x86
		Release|x64 = Release|x64
		Release|x86 = Release|x86
	EndGlobalSection
	GlobalSection(ProjectConfigurationPlatforms) = postSolution
		{5AC33E28-748E-481A-AA63-99A42285E11E}.Debug|x64.ActiveCfg = Debug|x64
		{5AC33E28-748E-481A-AA63-99A42285E11E}.Debug|x64.Build.0 = Debug|x64
		{5AC33E28-748E-481A-AA63-99A42285E11E}.Debug|x86.ActiveCfg = Debug|Win32
		{5AC33E28-748E-481A-AA63-99A42285E11E}.Debug|x86.Build.0 = Debug|Win32
		{5AC33E28-748E-481A-AA63-99A42285E11E}.Release|x64.ActiveCfg = Release|x64
		{5AC33E28-748E-481A-AA63-99A42285E11E}.Release|x64.Build.0 = Release|x64
		{5AC33E28-748E-481A-AA63-99A42285E11E}.Release|x86.ActiveCfg = Release|Win32
		{5AC33E28-748E-481A-AA63-99A42285E11E}.Release|x86.Build.0 = Release|Win32
		{DAE73739-3B08-4006-9D53-A9328694C30C}.Debug|x64.ActiveCfg = Debug|x64
		{DAE73739-3B08-4006-9D53-A9328694C30C}.Debug|x64.Build.0 = Debug|x64
		{DAE73739-3B08-4006-9D53-A9328694C30C}.Debug|x86.ActiveCfg = Debug|Win32
		{DAE73739-3B08-4006-9D53-A9328694C30C}.Debug|x86.Build.0 = Debug|Win32
		{DAE73739-3B08-4006-9D53-A9328694C30C}.Release|x64.ActiveCfg = Release|x64
		{DAE73739-3B08-4006-9D53-A9328694C30C}.Release|x64.Build.0 = Release|x64
		{DAE73739-3B08-4006-9D53-A9328694C30C}.Release|x86.ActiveCfg = Release|Win32
		{DAE73739-3B08-4006-9D53-A9328694C30C}.Release|x86.Build.0 = Release|Win32
		{F51FF65E-2A98-4E84-B907-EE6833D8FC12}.Debug|x64.ActiveCfg = Debug|x64
		{F51FF65E-2A98-4E84-B907-EE6833D8FC12}.Debug|x64.Build.0 = Debug|x64
		{F51FF65E-2A98-4E84-B907-EE6833D8FC12}.Debug|x86.ActiveCfg = Debug|Win32
		{F51FF65E-2A98-4E84-B907-EE6833D8FC12}.Debug|x86.Build.0 = Debug|Win32
		{F51FF65E-2A98-4E84-B907-EE6833D8FC12}.Release|x64.ActiveCfg = Release|x64
		{F51FF65E-2A98-4E84-B907-EE6833D8FC12}.Release|x64.Build.0 = Release|x64
		{F51FF65E-2A98-4E84-B907-EE6833D8FC12}.Release|x86.ActiveCfg = Release|Win32
		{F51FF65E-2A98-4E84-B907-EE6833D8FC12}.Release|x86.Build.0 = Release|Win32
		{161CC6E7-1E81-4819-BA25-86BF7C749179}.Debug|x64.ActiveCfg = Debug|x64
		{161CC6E7-1E81-4819-BA25-86BF7C749179}.Debug|x64.Build.0 = Debug|x64
		{161CC6E7-1E81-4819-BA25-86BF7C749179}.Debug|x86.ActiveCfg = Debug|Win32
		{161CC6E7-1E81-4819-BA25-86BF7C749179}.Debug|x86.Build.0 = Debug|Win32
		{161CC6E7-1E81-4819-BA25-86BF7C749179}.Release|x64.ActiveCfg = Release|x64
		{161CC6E7-1E81-4819-BA25-86BF7C749179}.Release|x64.Build.0 = Release|x64
		{161CC6E7-1E81-4819-BA25-86BF7C749179}.Release|x86.ActiveCfg = Release|Win32
		{161CC6E7-1E81-4819-BA25-86BF7C749179}.Release|x86.Build.0 = Release|Win32
		{2D1CBEEE-21F4-42B3-AD99-28F9D2F2105A}.Debug|x64.ActiveCfg = Debug|x64
		{2D1CBEEE-21F4-42B3-AD99-28F9D2F2105A}.Debug|x64.Build.0 = Debug|x64
		{2D1CBEEE-21F4-42B3-AD99-28F9D2F2105A}.Debug|x86.ActiveCfg = Debug|Win32
		{2D1CBEEE-21F4-42B3-AD99-28F9D2F2105A}.Debug|x86.Build.0 = Debug|Win32
		{2D1CBEEE-21F4-42B3-AD99-28F9D2F2105A}.Release|x64.ActiveCfg = Release|x64
		{2D1CBEEE-21F4-42B3-AD99-28F9D2F2105A}.Release|x64.Build.0 = Release|x64
		{2D1CBEEE-21F4-42B3-AD99-28F9D2F2105A}.Release|x86.ActiveCfg = Release|Win32
		{2D1CBEEE-21F4-42B3-AD99-28F9D2F2105A}.Release|x86.Build.0 = Release|Win32
	EndGlobalSection
	GlobalSection(SolutionProperties) = preSolution
		HideSolutionNode = FALSE
	EndGlobalSection
	GlobalSection(ExtensibilityGlobals) = postSolution
		SolutionGuid = {A8F6B1DC-2758-46D0-A14C-B9354707B6BD}
	EndGlobalSection
EndGlobal
